
Microsoft Visual Studio Solution File, Format Version 12.00
# Visual Studio 15
Project("{FAE04EC0-301F-11D3-BF4B-00C04F79EFBC}") = "Moleficient", "Assembly-CSharp.csproj", "{7EDA48E1-8498-7CD2-E364-125B8F0312FA}"
EndProject
Project("{FAE04EC0-301F-11D3-BF4B-00C04F79EFBC}") = "Moleficient", "Assembly-CSharp-firstpass.csproj", "{B8D4B904-0615-4701-E0A3-2283A2AC8919}"
EndProject
Project("{FAE04EC0-301F-11D3-BF4B-00C04F79EFBC}") = "Moleficient", "NavMeshComponents.csproj", "{25826E64-14D5-C9CB-2F0F-33971E058F9F}"
EndProject
Project("{FAE04EC0-301F-11D3-BF4B-00C04F79EFBC}") = "Moleficient", "Assembly-CSharp-Editor-firstpass.csproj", "{363E317B-9944-929D-45C0-9675CCDFE93B}"
EndProject
Project("{FAE04EC0-301F-11D3-BF4B-00C04F79EFBC}") = "Moleficient", "Assembly-CSharp-Editor.csproj", "{9A4F75CD-264E-BA0B-0866-F2918F004EE6}"
EndProject
Project("{FAE04EC0-301F-11D3-BF4B-00C04F79EFBC}") = "Moleficient", "NavMeshComponentsEditor.csproj", "{F6F2B932-7A1B-03FB-163E-171B56A3E896}"
EndProject
Global
	GlobalSection(SolutionConfigurationPlatforms) = preSolution
		Debug|Any CPU = Debug|Any CPU
		Release|Any CPU = Release|Any CPU
	EndGlobalSection
	GlobalSection(ProjectConfigurationPlatforms) = postSolution
		{7EDA48E1-8498-7CD2-E364-125B8F0312FA}.Debug|Any CPU.ActiveCfg = Debug|Any CPU
		{7EDA48E1-8498-7CD2-E364-125B8F0312FA}.Debug|Any CPU.Build.0 = Debug|Any CPU
		{7EDA48E1-8498-7CD2-E364-125B8F0312FA}.Release|Any CPU.ActiveCfg = Release|Any CPU
		{7EDA48E1-8498-7CD2-E364-125B8F0312FA}.Release|Any CPU.Build.0 = Release|Any CPU
		{B8D4B904-0615-4701-E0A3-2283A2AC8919}.Debug|Any CPU.ActiveCfg = Debug|Any CPU
		{B8D4B904-0615-4701-E0A3-2283A2AC8919}.Debug|Any CPU.Build.0 = Debug|Any CPU
		{B8D4B904-0615-4701-E0A3-2283A2AC8919}.Release|Any CPU.ActiveCfg = Release|Any CPU
		{B8D4B904-0615-4701-E0A3-2283A2AC8919}.Release|Any CPU.Build.0 = Release|Any CPU
		{25826E64-14D5-C9CB-2F0F-33971E058F9F}.Debug|Any CPU.ActiveCfg = Debug|Any CPU
		{25826E64-14D5-C9CB-2F0F-33971E058F9F}.Debug|Any CPU.Build.0 = Debug|Any CPU
		{25826E64-14D5-C9CB-2F0F-33971E058F9F}.Release|Any CPU.ActiveCfg = Release|Any CPU
		{25826E64-14D5-C9CB-2F0F-33971E058F9F}.Release|Any CPU.Build.0 = Release|Any CPU
		{363E317B-9944-929D-45C0-9675CCDFE93B}.Debug|Any CPU.ActiveCfg = Debug|Any CPU
		{363E317B-9944-929D-45C0-9675CCDFE93B}.Debug|Any CPU.Build.0 = Debug|Any CPU
		{363E317B-9944-929D-45C0-9675CCDFE93B}.Release|Any CPU.ActiveCfg = Release|Any CPU
		{363E317B-9944-929D-45C0-9675CCDFE93B}.Release|Any CPU.Build.0 = Release|Any CPU
		{9A4F75CD-264E-BA0B-0866-F2918F004EE6}.Debug|Any CPU.ActiveCfg = Debug|Any CPU
		{9A4F75CD-264E-BA0B-0866-F2918F004EE6}.Debug|Any CPU.Build.0 = Debug|Any CPU
		{9A4F75CD-264E-BA0B-0866-F2918F004EE6}.Release|Any CPU.ActiveCfg = Release|Any CPU
		{9A4F75CD-264E-BA0B-0866-F2918F004EE6}.Release|Any CPU.Build.0 = Release|Any CPU
		{F6F2B932-7A1B-03FB-163E-171B56A3E896}.Debug|Any CPU.ActiveCfg = Debug|Any CPU
		{F6F2B932-7A1B-03FB-163E-171B56A3E896}.Debug|Any CPU.Build.0 = Debug|Any CPU
		{F6F2B932-7A1B-03FB-163E-171B56A3E896}.Release|Any CPU.ActiveCfg = Release|Any CPU
		{F6F2B932-7A1B-03FB-163E-171B56A3E896}.Release|Any CPU.Build.0 = Release|Any CPU
	EndGlobalSection
	GlobalSection(SolutionProperties) = preSolution
		HideSolutionNode = FALSE
	EndGlobalSection
EndGlobal
